{
    "_meta": {
        "hash": {
            "sha256": "748bccd68b4cda37a119334f498b51706adf81bc4219e48cd58d8ff2c7eec42d"
        },
        "pipfile-spec": 6,
        "requires": {
            "python_full_version": "3.11.2",
            "python_version": "3.11"
        },
        "sources": [
            {
                "name": "pypi",
                "url": "https://pypi.org/simple",
                "verify_ssl": true
            }
        ]
    },
    "default": {
        "tomli-w": {
            "hashes": [
                "sha256:9f2a07e8be30a0729e533ec968016807069991ae2fd921a78d42f429ae5f4463",
                "sha256:f463434305e0336248cac9c2dc8076b707d8a12d019dd349f5c1e382dd1ae1b9"
            ],
            "index": "pypi",
            "version": "==1.0.0"
        }
    },
    "develop": {}
}
